{
  "name": "infrahub",
  "lockfileVersion": 3,
  "requires": true,
  "packages": {
    "": {
      "dependencies": {
        "retypeapp": "^2.4.0"
      }
    },
    "node_modules/retypeapp": {
      "version": "2.4.0",
      "resolved": "https://registry.npmjs.org/retypeapp/-/retypeapp-2.4.0.tgz",
      "integrity": "sha512-vEND+JC0EtK1nws958J108Z14Enfvt84bYeycaLa6eCZjsVzqV4Xe6hl7amYILycp7ld0x2uhx4Wh7iVlcdoCg==",
      "bin": {
        "retype": "retype.js"
      }
    }
  }
}
